// !$*UTF8*$!
{
	archiveVersion = 1;
	classes = {
	};
	objectVersion = 50;
	objects = {

/* Begin PBXBuildFile section */
		EB04AFA323F359CE002B0833 /* AppDelegate.swift in Sources */ = {isa = PBXBuildFile; fileRef = EB04AFA223F359CE002B0833 /* AppDelegate.swift */; };
		EB04AFA523F359CE002B0833 /* SceneDelegate.swift in Sources */ = {isa = PBXBuildFile; fileRef = EB04AFA423F359CE002B0833 /* SceneDelegate.swift */; };
		EB04AFA723F359CE002B0833 /* ContentView.swift in Sources */ = {isa = PBXBuildFile; fileRef = EB04AFA623F359CE002B0833 /* ContentView.swift */; };
		EB04AFA923F359D4002B0833 /* Assets.xcassets in Resources */ = {isa = PBXBuildFile; fileRef = EB04AFA823F359D4002B0833 /* Assets.xcassets */; };
		EB04AFAC23F359D4002B0833 /* Preview Assets.xcassets in Resources */ = {isa = PBXBuildFile; fileRef = EB04AFAB23F359D4002B0833 /* Preview Assets.xcassets */; };
		EB04AFAF23F359D4002B0833 /* LaunchScreen.storyboard in Resources */ = {isa = PBXBuildFile; fileRef = EB04AFAD23F359D4002B0833 /* LaunchScreen.storyboard */; };
/* End PBXBuildFile section */

/* Begin PBXFileReference section */
		EB04AF9F23F359CE002B0833 /* Units.app */ = {isa = PBXFileReference; explicitFileType = wrapper.application; includeInIndex = 0; path = Units.app; sourceTree = BUILT_PRODUCTS_DIR; };
		EB04AFA223F359CE002B0833 /* AppDelegate.swift */ = {isa = PBXFileReference; lastKnownFileType = sourcecode.swift; path = AppDelegate.swift; sourceTree = "<group>"; };
		EB04AFA423F359CE002B0833 /* SceneDelegate.swift */ = {isa = PBXFileReference; lastKnownFileType = sourcecode.swift; path = SceneDelegate.swift; sourceTree = "<group>"; };
		EB04AFA623F359CE002B0833 /* ContentView.swift */ = {isa = PBXFileReference; lastKnownFileType = sourcecode.swift; path = ContentView.swift; sourceTree = "<group>"; };
		EB04AFA823F359D4002B0833 /* Assets.xcassets */ = {isa = PBXFileReference; lastKnownFileType = folder.assetcatalog; path = Assets.xcassets; sourceTree = "<group>"; };
		EB04AFAB23F359D4002B0833 /* Preview Assets.xcassets */ = {isa = PBXFileReference; lastKnownFileType = folder.assetcatalog; path = "Preview Assets.xcassets"; sourceTree = "<group>"; };
		EB04AFAE23F359D4002B0833 /* Base */ = {isa = PBXFileReference; lastKnownFileType = file.storyboard; name = Base; path = Base.lproj/LaunchScreen.storyboard; sourceTree = "<group>"; };
		EB04AFB023F359D4002B0833 /* Info.plist */ = {isa = PBXFileReference; lastKnownFileType = text.plist.xml; path = Info.plist; sourceTree = "<group>"; };
/* End PBXFileReference section */

/* Begin PBXFrameworksBuildPhase section */
		EB04AF9C23F359CE002B0833 /* Frameworks */ = {
			isa = PBXFrameworksBuildPhase;
			buildActionMask = 2147483647;
			files = (
			);
			runOnlyForDeploymentPostprocessing = 0;
		};
/* End PBXFrameworksBuildPhase section */

/* Begin PBXGroup section */
		EB04AF9623F359CD002B0833 = {
			isa = PBXGroup;
			children = (
				EB04AFA123F359CE002B0833 /* Units */,
				EB04AFA023F359CE002B0833 /* Products */,
			);
			sourceTree = "<group>";
		};
		EB04AFA023F359CE002B0833 /* Products */ = {
			isa = PBXGroup;
			children = (
				EB04AF9F23F359CE002B0833 /* Units.app */,
			);
			name = Products;
			sourceTree = "<group>";
		};
		EB04AFA123F359CE002B0833 /* Units */ = {
			isa = PBXGroup;
			children = (
				EB04AFA223F359CE002B0833 /* AppDelegate.swift */,
				EB04AFA423F359CE002B0833 /* SceneDelegate.swift */,
				EB04AFA623F359CE002B0833 /* ContentView.swift */,
				EB04AFA823F359D4002B0833 /* Assets.xcassets */,
				EB04AFAD23F359D4002B0833 /* LaunchScreen.storyboard */,
				EB04AFB023F359D4002B0833 /* Info.plist */,
				EB04AFAA23F359D4002B0833 /* Preview Content */,
			);
			path = Units;
			sourceTree = "<group>";
		};
		EB04AFAA23F359D4002B0833 /* Preview Content */ = {
			isa = PBXGroup;
			children = (
				EB04AFAB23F359D4002B0833 /* Preview Assets.xcassets */,
			);
			path = "Preview Content";
			sourceTree = "<group>";
		};
/* End PBXGroup section */

/* Begin PBXNativeTarget section */
		EB04AF9E23F359CE002B0833 /* Units */ = {
			isa = PBXNativeTarget;
			buildConfigurationList = EB04AFB323F359D4002B0833 /* Build configuration list for PBXNativeTarget "Units" */;
			buildPhases = (
				EB04AF9B23F359CE002B0833 /* Sources */,
				EB04AF9C23F359CE002B0833 /* Frameworks */,
				EB04AF9D23F359CE002B0833 /* Resources */,
			);
			buildRules = (
			);
			dependencies = (
			);
			name = Units;
			productName = Units;
			productReference = EB04AF9F23F359CE002B0833 /* Units.app */;
			productType = "com.apple.product-type.application";
		};
/* End PBXNativeTarget section */

/* Begin PBXProject section */
		EB04AF9723F359CE002B0833 /* Project object */ = {
			isa = PBXProject;
			attributes = {
				LastSwiftUpdateCheck = 1130;
				LastUpgradeCheck = 1130;
				ORGANIZATIONNAME = "Pedro Remedios";
				TargetAttributes = {
					EB04AF9E23F359CE002B0833 = {
						CreatedOnToolsVersion = 11.3.1;
					};
				};
			};
			buildConfigurationList = EB04AF9A23F359CE002B0833 /* Build configuration list for PBXProject "Units" */;
			compatibilityVersion = "Xcode 9.3";
			developmentRegion = en;
			hasScannedForEncodings = 0;
			knownRegions = (
				en,
				Base,
			);
			mainGroup = EB04AF9623F359CD002B0833;
			productRefGroup = EB04AFA023F359CE002B0833 /* Products */;
			projectDirPath = "";
			projectRoot = "";
			targets = (
				EB04AF9E23F359CE002B0833 /* Units */,
			);
		};
/* End PBXProject section */

/* Begin PBXResourcesBuildPhase section */
		EB04AF9D23F359CE002B0833 /* Resources */ = {
			isa = PBXResourcesBuildPhase;
			buildActionMask = 2147483647;
			files = (
				EB04AFAF23F359D4002B0833 /* LaunchScreen.storyboard in Resources */,
				EB04AFAC23F359D4002B0833 /* Preview Assets.xcassets in Resources */,
				EB04AFA923F359D4002B0833 /* Assets.xcassets in Resources */,
			);
			runOnlyForDeploymentPostprocessing = 0;
		};
/* End PBXResourcesBuildPhase section */

/* Begin PBXSourcesBuildPhase section */
		EB04AF9B23F359CE002B0833 /* Sources */ = {
			isa = PBXSourcesBuildPhase;
			buildActionMask = 2147483647;
			files = (
				EB04AFA323F359CE002B0833 /* AppDelegate.swift in Sources */,
				EB04AFA523F359CE002B0833 /* SceneDelegate.swift in Sources */,
				EB04AFA723F359CE002B0833 /* ContentView.swift in Sources */,
			);
			runOnlyForDeploymentPostprocessing = 0;
		};
/* End PBXSourcesBuildPhase section */

/* Begin PBXVariantGroup section */
		EB04AFAD23F359D4002B0833 /* LaunchScreen.storyboard */ = {
			isa = PBXVariantGroup;
			children = (
				EB04AFAE23F359D4002B0833 /* Base */,
			);
			name = LaunchScreen.storyboard;
			sourceTree = "<group>";
		};
/* End PBXVariantGroup section */

/* Begin XCBuildConfiguration section */
		EB04AFB123F359D4002B0833 /* Debug */ = {
			isa = XCBuildConfiguration;
			buildSettings = {
				ALWAYS_SEARCH_USER_PATHS = NO;
				CLANG_ANALYZER_NONNULL = YES;
				CLANG_ANALYZER_NUMBER_OBJECT_CONVERSION = YES_AGGRESSIVE;
				CLANG_CXX_LANGUAGE_STANDARD = "gnu++14";
				CLANG_CXX_LIBRARY = "libc++";
				CLANG_ENABLE_MODULES = YES;
				CLANG_ENABLE_OBJC_ARC = YES;
				CLANG_ENABLE_OBJC_WEAK = YES;
				CLANG_WARN_BLOCK_CAPTURE_AUTORELEASING = YES;
				CLANG_WARN_BOOL_CONVERSION = YES;
				CLANG_WARN_COMMA = YES;
				CLANG_WARN_CONSTANT_CONVERSION = YES;
				CLANG_WARN_DEPRECATED_OBJC_IMPLEMENTATIONS = YES;
				CLANG_WARN_DIRECT_OBJC_ISA_USAGE = YES_ERROR;
				CLANG_WARN_DOCUMENTATION_COMMENTS = YES;
				CLANG_WARN_EMPTY_BODY = YES;
				CLANG_WARN_ENUM_CONVERSION = YES;
				CLANG_WARN_INFINITE_RECURSION = YES;
				CLANG_WARN_INT_CONVERSION = YES;
				CLANG_WARN_NON_LITERAL_NULL_CONVERSION = YES;
				CLANG_WARN_OBJC_IMPLICIT_RETAIN_SELF = YES;
				CLANG_WARN_OBJC_LITERAL_CONVERSION = YES;
				CLANG_WARN_OBJC_ROOT_CLASS = YES_ERROR;
				CLANG_WARN_RANGE_LOOP_ANALYSIS = YES;
				CLANG_WARN_STRICT_PROTOTYPES = YES;
				CLANG_WARN_SUSPICIOUS_MOVE = YES;
				CLANG_WARN_UNGUARDED_AVAILABILITY = YES_AGGRESSIVE;
				CLANG_WARN_UNREACHABLE_CODE = YES;
				CLANG_WARN__DUPLICATE_METHOD_MATCH = YES;
				COPY_PHASE_STRIP = NO;
				DEBUG_INFORMATION_FORMAT = dwarf;
				ENABLE_STRICT_OBJC_MSGSEND = YES;
				ENABLE_TESTABILITY = YES;
				GCC_C_LANGUAGE_STANDARD = gnu11;
				GCC_DYNAMIC_NO_PIC = NO;
				GCC_NO_COMMON_BLOCKS = YES;
				GCC_OPTIMIZATION_LEVEL = 0;
				GCC_PREPROCESSOR_DEFINITIONS = (
					"DEBUG=1",
					"$(inherited)",
				);
				GCC_WARN_64_TO_32_BIT_CONVERSION = YES;
				GCC_WARN_ABOUT_RETURN_TYPE = YES_ERROR;
				GCC_WARN_UNDECLARED_SELECTOR = YES;
				GCC_WARN_UNINITIALIZED_AUTOS = YES_AGGRESSIVE;
				GCC_WARN_UNUSED_FUNCTION = YES;
				GCC_WARN_UNUSED_VARIABLE = YES;
				IPHONEOS_DEPLOYMENT_TARGET = 13.2;
				MTL_ENABLE_DEBUG_INFO = INCLUDE_SOURCE;
				MTL_FAST_MATH = YES;
				ONLY_ACTIVE_ARCH = YES;
				SDKROOT = iphoneos;
				SWIFT_ACTIVE_COMPILATION_CONDITIONS = DEBUG;
				SWIFT_OPTIMIZATION_LEVEL = "-Onone";
			};
			name = Debug;
		};
		EB04AFB223F359D4002B0833 /* Release */ = {
			isa = XCBuildConfiguration;
			buildSettings = {
				ALWAYS_SEARCH_USER_PATHS = NO;
				CLANG_ANALYZER_NONNULL = YES;
				CLANG_ANALYZER_NUMBER_OBJECT_CONVERSION = YES_AGGRESSIVE;
				CLANG_CXX_LANGUAGE_STANDARD = "gnu++14";
				CLANG_CXX_LIBRARY = "libc++";
				CLANG_ENABLE_MODULES = YES;
				CLANG_ENABLE_OBJC_ARC = YES;
				CLANG_ENABLE_OBJC_WEAK = YES;
				CLANG_WARN_BLOCK_CAPTURE_AUTORELEASING = YES;
				CLANG_WARN_BOOL_CONVERSION = YES;
				CLANG_WARN_COMMA = YES;
				CLANG_WARN_CONSTANT_CONVERSION = YES;
				CLANG_WARN_DEPRECATED_OBJC_IMPLEMENTATIONS = YES;
				CLANG_WARN_DIRECT_OBJC_ISA_USAGE = YES_ERROR;
				CLANG_WARN_DOCUMENTATION_COMMENTS = YES;
				CLANG_WARN_EMPTY_BODY = YES;
				CLANG_WARN_ENUM_CONVERSION = YES;
				CLANG_WARN_INFINITE_RECURSION = YES;
				CLANG_WARN_INT_CONVERSION = YES;
				CLANG_WARN_NON_LITERAL_NULL_CONVERSION = YES;
				CLANG_WARN_OBJC_IMPLICIT_RETAIN_SELF = YES;
				CLANG_WARN_OBJC_LITERAL_CONVERSION = YES;
				CLANG_WARN_OBJC_ROOT_CLASS = YES_ERROR;
				CLANG_WARN_RANGE_LOOP_ANALYSIS = YES;
				CLANG_WARN_STRICT_PROTOTYPES = YES;
				CLANG_WARN_SUSPICIOUS_MOVE = YES;
				CLANG_WARN_UNGUARDED_AVAILABILITY = YES_AGGRESSIVE;
				CLANG_WARN_UNREACHABLE_CODE = YES;
				CLANG_WARN__DUPLICATE_METHOD_MATCH = YES;
				COPY_PHASE_STRIP = NO;
				DEBUG_INFORMATION_FORMAT = "dwarf-with-dsym";
				ENABLE_NS_ASSERTIONS = NO;
				ENABLE_STRICT_OBJC_MSGSEND = YES;
				GCC_C_LANGUAGE_STANDARD = gnu11;
				GCC_NO_COMMON_BLOCKS = YES;
				GCC_WARN_64_TO_32_BIT_CONVERSION = YES;
				GCC_WARN_ABOUT_RETURN_TYPE = YES_ERROR;
				GCC_WARN_UNDECLARED_SELECTOR = YES;
				GCC_WARN_UNINITIALIZED_AUTOS = YES_AGGRESSIVE;
				GCC_WARN_UNUSED_FUNCTION = YES;
				GCC_WARN_UNUSED_VARIABLE = YES;
				IPHONEOS_DEPLOYMENT_TARGET = 13.2;
				MTL_ENABLE_DEBUG_INFO = NO;
				MTL_FAST_MATH = YES;
				SDKROOT = iphoneos;
				SWIFT_COMPILATION_MODE = wholemodule;
				SWIFT_OPTIMIZATION_LEVEL = "-O";
				VALIDATE_PRODUCT = YES;
			};
			name = Release;
		};
		EB04AFB423F359D4002B0833 /* Debug */ = {
			isa = XCBuildConfiguration;
			buildSettings = {
				ASSETCATALOG_COMPILER_APPICON_NAME = AppIcon;
				CODE_SIGN_STYLE = Automatic;
				DEVELOPMENT_ASSET_PATHS = "\"Units/Preview Content\"";
				DEVELOPMENT_TEAM = N2NF9KW4Q2;
				ENABLE_PREVIEWS = YES;
				INFOPLIST_FILE = Units/Info.plist;
				LD_RUNPATH_SEARCH_PATHS = (
					"$(inherited)",
					"@executable_path/Frameworks",
				);
				PRODUCT_BUNDLE_IDENTIFIER = com.pedroremedios.Units;
				PRODUCT_NAME = "$(TARGET_NAME)";
				SWIFT_VERSION = 5.0;
				TARGETED_DEVICE_FAMILY = "1,2";
			};
			name = Debug;
		};
		EB04AFB523F359D4002B0833 /* Release */ = {
			isa = XCBuildConfiguration;
			buildSettings = {
				ASSETCATALOG_COMPILER_APPICON_NAME = AppIcon;
				CODE_SIGN_STYLE = Automatic;
				DEVELOPMENT_ASSET_PATHS = "\"Units/Preview Content\"";
				DEVELOPMENT_TEAM = N2NF9KW4Q2;
				ENABLE_PREVIEWS = YES;
				INFOPLIST_FILE = Units/Info.plist;
				LD_RUNPATH_SEARCH_PATHS = (
					"$(inherited)",
					"@executable_path/Frameworks",
				);
				PRODUCT_BUNDLE_IDENTIFIER = com.pedroremedios.Units;
				PRODUCT_NAME = "$(TARGET_NAME)";
				SWIFT_VERSION = 5.0;
				TARGETED_DEVICE_FAMILY = "1,2";
			};
			name = Release;
		};
/* End XCBuildConfiguration section */

/* Begin XCConfigurationList section */
		EB04AF9A23F359CE002B0833 /* Build configuration list for PBXProject "Units" */ = {
			isa = XCConfigurationList;
			buildConfigurations = (
				EB04AFB123F359D4002B0833 /* Debug */,
				EB04AFB223F359D4002B0833 /* Release */,
			);
			defaultConfigurationIsVisible = 0;
			defaultConfigurationName = Release;
		};
		EB04AFB323F359D4002B0833 /* Build configuration list for PBXNativeTarget "Units" */ = {
			isa = XCConfigurationList;
			buildConfigurations = (
				EB04AFB423F359D4002B0833 /* Debug */,
				EB04AFB523F359D4002B0833 /* Release */,
			);
			defaultConfigurationIsVisible = 0;
			defaultConfigurationName = Release;
		};
/* End XCConfigurationList section */
	};
	rootObject = EB04AF9723F359CE002B0833 /* Project object */;
}
